# This file is automatically @generated by Cargo.
# It is not intended for manual editing.
version = 3

[[package]]
name = "bitflags"
version = "2.4.2"
source = "registry+https://github.com/rust-lang/crates.io-index"
checksum = "ed570934406eb16438a4e976b1b4500774099c13b8cb96eec99f620f05090ddf"

[[package]]
name = "limine"
version = "0.3.0"
source = "registry+https://github.com/rust-lang/crates.io-index"
checksum = "e067e3f6157e2a8514f98334ffa3bcf668bb25de7dc910ded7f84b2c662ca1eb"
dependencies = [
 "bitflags",
]

[[package]]
name = "limine-rust-template"
version = "0.1.0"
dependencies = [
 "limine",
]
